lockfileVersion: '9.0'

settings:
  autoInstallPeers: true
  excludeLinksFromLockfile: false

importers:

  .:
    dependencies:
      '@bufbuild/protobuf':
        specifier: ^1.9.0
        version: 1.10.0
      '@connectrpc/connect':
        specifier: ^1.4.0
        version: 1.4.0(@bufbuild/protobuf@1.10.0)
      '@connectrpc/connect-web':
        specifier: '>=1.4.0'
        version: 1.4.0(@bufbuild/protobuf@1.10.0)(@connectrpc/connect@1.4.0(@bufbuild/protobuf@1.10.0))
      '@tierklinik-dobersberg/apis':
        specifier: '>=0.0.40'
        version: 0.0.40(@bufbuild/protobuf@1.10.0)(@connectrpc/connect-web@1.4.0(@bufbuild/protobuf@1.10.0)(@connectrpc/connect@1.4.0(@bufbuild/protobuf@1.10.0)))(@connectrpc/connect@1.4.0(@bufbuild/protobuf@1.10.0))
      tslib:
        specifier: ^2.3.0
        version: 2.7.0

packages:

  '@bufbuild/protobuf@1.10.0':
    resolution: {integrity: sha512-QDdVFLoN93Zjg36NoQPZfsVH9tZew7wKDKyV5qRdj8ntT4wQCOradQjRaTdwMhWUYsgKsvCINKKm87FdEk96Ag==}

  '@connectrpc/connect-web@1.4.0':
    resolution: {integrity: sha512-13aO4psFbbm7rdOFGV0De2Za64DY/acMspgloDlcOKzLPPs0yZkhp1OOzAQeiAIr7BM/VOHIA3p8mF0inxCYTA==}
    peerDependencies:
      '@bufbuild/protobuf': ^1.4.2
      '@connectrpc/connect': 1.4.0

  '@connectrpc/connect@1.4.0':
    resolution: {integrity: sha512-vZeOkKaAjyV4+RH3+rJZIfDFJAfr+7fyYr6sLDKbYX3uuTVszhFe9/YKf5DNqrDb5cKdKVlYkGn6DTDqMitAnA==}
    peerDependencies:
      '@bufbuild/protobuf': ^1.4.2

  '@tierklinik-dobersberg/apis@0.0.40':
    resolution: {integrity: sha512-W/QB0dtvm7EGKBvR3ECcH7EZEdpEP6R7F6kwAyQFPWARClbcyIPp8v0TJwNQRFiF6sWk64d5bDACjGcfLwMXGQ==, tarball: https://npm.pkg.github.com/download/@tierklinik-dobersberg/apis/0.0.40/91bb5b72151b791b1eb642d429a46a5e26742aeb}
    peerDependencies:
      '@bufbuild/protobuf': ^1.9.0
      '@connectrpc/connect': ^1.4.0
      '@connectrpc/connect-web': ^1.4.0

  tslib@2.7.0:
    resolution: {integrity: sha512-gLXCKdN1/j47AiHiOkJN69hJmcbGTHI0ImLmbYLHykhgeN0jVGola9yVjFgzCUklsZQMW55o+dW7IXv3RCXDzA==}

snapshots:

  '@bufbuild/protobuf@1.10.0': {}

  '@connectrpc/connect-web@1.4.0(@bufbuild/protobuf@1.10.0)(@connectrpc/connect@1.4.0(@bufbuild/protobuf@1.10.0))':
    dependencies:
      '@bufbuild/protobuf': 1.10.0
      '@connectrpc/connect': 1.4.0(@bufbuild/protobuf@1.10.0)

  '@connectrpc/connect@1.4.0(@bufbuild/protobuf@1.10.0)':
    dependencies:
      '@bufbuild/protobuf': 1.10.0

  '@tierklinik-dobersberg/apis@0.0.40(@bufbuild/protobuf@1.10.0)(@connectrpc/connect-web@1.4.0(@bufbuild/protobuf@1.10.0)(@connectrpc/connect@1.4.0(@bufbuild/protobuf@1.10.0)))(@connectrpc/connect@1.4.0(@bufbuild/protobuf@1.10.0))':
    dependencies:
      '@bufbuild/protobuf': 1.10.0
      '@connectrpc/connect': 1.4.0(@bufbuild/protobuf@1.10.0)
      '@connectrpc/connect-web': 1.4.0(@bufbuild/protobuf@1.10.0)(@connectrpc/connect@1.4.0(@bufbuild/protobuf@1.10.0))

  tslib@2.7.0: {}
